
Microsoft Visual Studio Solution File, Format Version 12.00
# Visual Studio Version 17
VisualStudioVersion = 17.7.34031.279
MinimumVisualStudioVersion = 10.0.40219.1
Project("{9A19103F-16F7-4668-BE54-9A1E7A4F7556}") = "ClassLab-12", "ClassLab-12\ClassLab-12.csproj", "{167B1377-AB1B-4032-A9A6-FE192386E355}"
EndProject
Project("{9A19103F-16F7-4668-BE54-9A1E7A4F7556}") = "Service", "Service\Service.csproj", "{329BCBCF-6067-4062-AA41-03AFA27101C5}"
EndProject
Project("{FAE04EC0-301F-11D3-BF4B-00C04F79EFBC}") = "Domain", "Domain\Domain.csproj", "{183ED3A2-E0B2-4D2F-A59B-C56DB690E155}"
EndProject
Global
	GlobalSection(SolutionConfigurationPlatforms) = preSolution
		Debug|Any CPU = Debug|Any CPU
		Release|Any CPU = Release|Any CPU
	EndGlobalSection
	GlobalSection(ProjectConfigurationPlatforms) = postSolution
		{167B1377-AB1B-4032-A9A6-FE192386E355}.Debug|Any CPU.ActiveCfg = Debug|Any CPU
		{167B1377-AB1B-4032-A9A6-FE192386E355}.Debug|Any CPU.Build.0 = Debug|Any CPU
		{167B1377-AB1B-4032-A9A6-FE192386E355}.Release|Any CPU.ActiveCfg = Release|Any CPU
		{167B1377-AB1B-4032-A9A6-FE192386E355}.Release|Any CPU.Build.0 = Release|Any CPU
		{329BCBCF-6067-4062-AA41-03AFA27101C5}.Debug|Any CPU.ActiveCfg = Debug|Any CPU
		{329BCBCF-6067-4062-AA41-03AFA27101C5}.Debug|Any CPU.Build.0 = Debug|Any CPU
		{329BCBCF-6067-4062-AA41-03AFA27101C5}.Release|Any CPU.ActiveCfg = Release|Any CPU
		{329BCBCF-6067-4062-AA41-03AFA27101C5}.Release|Any CPU.Build.0 = Release|Any CPU
		{183ED3A2-E0B2-4D2F-A59B-C56DB690E155}.Debug|Any CPU.ActiveCfg = Debug|Any CPU
		{183ED3A2-E0B2-4D2F-A59B-C56DB690E155}.Debug|Any CPU.Build.0 = Debug|Any CPU
		{183ED3A2-E0B2-4D2F-A59B-C56DB690E155}.Release|Any CPU.ActiveCfg = Release|Any CPU
		{183ED3A2-E0B2-4D2F-A59B-C56DB690E155}.Release|Any CPU.Build.0 = Release|Any CPU
	EndGlobalSection
	GlobalSection(SolutionProperties) = preSolution
		HideSolutionNode = FALSE
	EndGlobalSection
	GlobalSection(ExtensibilityGlobals) = postSolution
		SolutionGuid = {1CBBA3B0-3721-4246-8A4D-AAF485F73A80}
	EndGlobalSection
EndGlobal
